
Microsoft Visual Studio Solution File, Format Version 12.00
# Visual Studio 15
VisualStudioVersion = 15.0.28307.852
MinimumVisualStudioVersion = 10.0.40219.1
Project("{FAE04EC0-301F-11D3-BF4B-00C04F79EFBC}") = "lb-1", "lb-1\lb-1.csproj", "{211329E6-8346-4CD5-AFA1-55055906DC6C}"
EndProject
Global
	GlobalSection(SolutionConfigurationPlatforms) = preSolution
		Debug|Any CPU = Debug|Any CPU
		Release|Any CPU = Release|Any CPU
	EndGlobalSection
	GlobalSection(ProjectConfigurationPlatforms) = postSolution
		{211329E6-8346-4CD5-AFA1-55055906DC6C}.Debug|Any CPU.ActiveCfg = Debug|Any CPU
		{211329E6-8346-4CD5-AFA1-55055906DC6C}.Debug|Any CPU.Build.0 = Debug|Any CPU
		{211329E6-8346-4CD5-AFA1-55055906DC6C}.Release|Any CPU.ActiveCfg = Release|Any CPU
		{211329E6-8346-4CD5-AFA1-55055906DC6C}.Release|Any CPU.Build.0 = Release|Any CPU
	EndGlobalSection
	GlobalSection(SolutionProperties) = preSolution
		HideSolutionNode = FALSE
	EndGlobalSection
	GlobalSection(ExtensibilityGlobals) = postSolution
		SolutionGuid = {066A19C2-D944-40FE-AEEF-EE5D1BC08434}
	EndGlobalSection
EndGlobal
